{
  "name": "squidcorp",
  "lockfileVersion": 3,
  "requires": true,
  "packages": {
    "": {
      "dependencies": {
        "@novnc/novnc": "^1.4.0"
      }
    },
    "node_modules/@novnc/novnc": {
      "version": "1.4.0",
      "resolved": "https://registry.npmjs.org/@novnc/novnc/-/novnc-1.4.0.tgz",
      "integrity": "sha512-kW6ALMc5BuH08e/ond/I1naYcfjc19JYMN1EdtmgjjjzPGCjW8fMtVM3MwM6q7YLRjPlQ3orEvoKMgSS7RkEVQ=="
    }
  }
}
